// !$*UTF8*$!
{
	archiveVersion = 1;
	classes = {
	};
	objectVersion = 50;
	objects = {

/* Begin PBXBuildFile section */
		0926FD68D29991B5A2A6B9A8 /* Pods_StorytelTests.framework in Frameworks */ = {isa = PBXBuildFile; fileRef = BD7B41C13EFBF8CFDD0992F9 /* Pods_StorytelTests.framework */; };
		EDC1C3CB3B97AE8E64EF55B2 /* Pods_Storytel.framework in Frameworks */ = {isa = PBXBuildFile; fileRef = 8B1640D03E3DE4CE6B97F0D9 /* Pods_Storytel.framework */; };
		FA564F3F226B4D26009353BD /* BasicUI.swift in Sources */ = {isa = PBXBuildFile; fileRef = FA564F3E226B4D26009353BD /* BasicUI.swift */; };
		FA564F41226B4EEE009353BD /* UIColorExtension.swift in Sources */ = {isa = PBXBuildFile; fileRef = FA564F40226B4EEE009353BD /* UIColorExtension.swift */; };
		FA60BC23226BC1C300C9CF05 /* Localizable.strings in Resources */ = {isa = PBXBuildFile; fileRef = FA60BC25226BC1C300C9CF05 /* Localizable.strings */; };
		FABD33442269FA4200558A36 /* TableViewDataManager.swift in Sources */ = {isa = PBXBuildFile; fileRef = FABD33432269FA4200558A36 /* TableViewDataManager.swift */; };
		FAEC0A6E2269B153003AE443 /* AppDelegate.swift in Sources */ = {isa = PBXBuildFile; fileRef = FAEC0A6D2269B153003AE443 /* AppDelegate.swift */; };
		FAEC0A702269B153003AE443 /* SearchBooksViewController.swift in Sources */ = {isa = PBXBuildFile; fileRef = FAEC0A6F2269B153003AE443 /* SearchBooksViewController.swift */; };
		FAEC0A732269B153003AE443 /* Main.storyboard in Resources */ = {isa = PBXBuildFile; fileRef = FAEC0A712269B153003AE443 /* Main.storyboard */; };
		FAEC0A752269B154003AE443 /* Assets.xcassets in Resources */ = {isa = PBXBuildFile; fileRef = FAEC0A742269B154003AE443 /* Assets.xcassets */; };
		FAEC0A782269B154003AE443 /* LaunchScreen.storyboard in Resources */ = {isa = PBXBuildFile; fileRef = FAEC0A762269B154003AE443 /* LaunchScreen.storyboard */; };
		FAEC0A832269B154003AE443 /* StorytelTests.swift in Sources */ = {isa = PBXBuildFile; fileRef = FAEC0A822269B154003AE443 /* StorytelTests.swift */; };
		FAEC0A9F2269BE67003AE443 /* QueryViewCell.swift in Sources */ = {isa = PBXBuildFile; fileRef = FAEC0A9D2269BE67003AE443 /* QueryViewCell.swift */; };
		FAEC0AA02269BE67003AE443 /* QueryViewCell.xib in Resources */ = {isa = PBXBuildFile; fileRef = FAEC0A9E2269BE67003AE443 /* QueryViewCell.xib */; };
		FAEC0AA32269BE82003AE443 /* BookViewCell.swift in Sources */ = {isa = PBXBuildFile; fileRef = FAEC0AA12269BE82003AE443 /* BookViewCell.swift */; };
		FAEC0AA42269BE82003AE443 /* BookViewCell.xib in Resources */ = {isa = PBXBuildFile; fileRef = FAEC0AA22269BE82003AE443 /* BookViewCell.xib */; };
		FAEC0AA62269CB7F003AE443 /* Book.swift in Sources */ = {isa = PBXBuildFile; fileRef = FAEC0AA52269CB7F003AE443 /* Book.swift */; };
		FAEC0AA82269CD3C003AE443 /* Author.swift in Sources */ = {isa = PBXBuildFile; fileRef = FAEC0AA72269CD3C003AE443 /* Author.swift */; };
		FAEC0AAA2269CE12003AE443 /* Narrator.swift in Sources */ = {isa = PBXBuildFile; fileRef = FAEC0AA92269CE12003AE443 /* Narrator.swift */; };
		FAEC0AAC2269CE27003AE443 /* ImageSource.swift in Sources */ = {isa = PBXBuildFile; fileRef = FAEC0AAB2269CE27003AE443 /* ImageSource.swift */; };
		FAEC0ABD2269D040003AE443 /* ParameterEncoding.swift in Sources */ = {isa = PBXBuildFile; fileRef = FAEC0AB02269D040003AE443 /* ParameterEncoding.swift */; };
		FAEC0ABE2269D040003AE443 /* URLParameterEncoding.swift in Sources */ = {isa = PBXBuildFile; fileRef = FAEC0AB12269D040003AE443 /* URLParameterEncoding.swift */; };
		FAEC0ABF2269D040003AE443 /* JSONParameterEncoder.swift in Sources */ = {isa = PBXBuildFile; fileRef = FAEC0AB22269D040003AE443 /* JSONParameterEncoder.swift */; };
		FAEC0AC02269D040003AE443 /* NetworkManager.swift in Sources */ = {isa = PBXBuildFile; fileRef = FAEC0AB42269D040003AE443 /* NetworkManager.swift */; };
		FAEC0AC12269D040003AE443 /* StorytelAPIEndPoint.swift in Sources */ = {isa = PBXBuildFile; fileRef = FAEC0AB62269D040003AE443 /* StorytelAPIEndPoint.swift */; };
		FAEC0AC22269D040003AE443 /* HTTPTask.swift in Sources */ = {isa = PBXBuildFile; fileRef = FAEC0AB82269D040003AE443 /* HTTPTask.swift */; };
		FAEC0AC32269D040003AE443 /* HTTPMethod.swift in Sources */ = {isa = PBXBuildFile; fileRef = FAEC0AB92269D040003AE443 /* HTTPMethod.swift */; };
		FAEC0AC42269D040003AE443 /* Router.swift in Sources */ = {isa = PBXBuildFile; fileRef = FAEC0ABA2269D040003AE443 /* Router.swift */; };
		FAEC0AC52269D040003AE443 /* NetworkLogger.swift in Sources */ = {isa = PBXBuildFile; fileRef = FAEC0ABB2269D040003AE443 /* NetworkLogger.swift */; };
		FAEC0AC62269D040003AE443 /* EndPointType.swift in Sources */ = {isa = PBXBuildFile; fileRef = FAEC0ABC2269D040003AE443 /* EndPointType.swift */; };
		FAEC0ACA2269D467003AE443 /* StringExtension.swift in Sources */ = {isa = PBXBuildFile; fileRef = FAEC0AC92269D467003AE443 /* StringExtension.swift */; };
		FAEC0ACC2269D525003AE443 /* SearchBooksViewModel.swift in Sources */ = {isa = PBXBuildFile; fileRef = FAEC0ACB2269D525003AE443 /* SearchBooksViewModel.swift */; };
		FAEC0ACE2269D544003AE443 /* BookCellViewModel.swift in Sources */ = {isa = PBXBuildFile; fileRef = FAEC0ACD2269D544003AE443 /* BookCellViewModel.swift */; };
/* End PBXBuildFile section */

/* Begin PBXContainerItemProxy section */
		FAEC0A7F2269B154003AE443 /* PBXContainerItemProxy */ = {
			isa = PBXContainerItemProxy;
			containerPortal = FAEC0A622269B153003AE443 /* Project object */;
			proxyType = 1;
			remoteGlobalIDString = FAEC0A692269B153003AE443;
			remoteInfo = Storytel;
		};
/* End PBXContainerItemProxy section */

/* Begin PBXFileReference section */
		2F265302E4B59A9FD72527B0 /* Pods-Storytel.release.xcconfig */ = {isa = PBXFileReference; includeInIndex = 1; lastKnownFileType = text.xcconfig; name = "Pods-Storytel.release.xcconfig"; path = "Target Support Files/Pods-Storytel/Pods-Storytel.release.xcconfig"; sourceTree = "<group>"; };
		45EDB77FBEA0FB8F7C8E35A4 /* Pods-StorytelTests.release.xcconfig */ = {isa = PBXFileReference; includeInIndex = 1; lastKnownFileType = text.xcconfig; name = "Pods-StorytelTests.release.xcconfig"; path = "Target Support Files/Pods-StorytelTests/Pods-StorytelTests.release.xcconfig"; sourceTree = "<group>"; };
		8B1640D03E3DE4CE6B97F0D9 /* Pods_Storytel.framework */ = {isa = PBXFileReference; explicitFileType = wrapper.framework; includeInIndex = 0; path = Pods_Storytel.framework; sourceTree = BUILT_PRODUCTS_DIR; };
		BD7B41C13EFBF8CFDD0992F9 /* Pods_StorytelTests.framework */ = {isa = PBXFileReference; explicitFileType = wrapper.framework; includeInIndex = 0; path = Pods_StorytelTests.framework; sourceTree = BUILT_PRODUCTS_DIR; };
		F3A9E3E3962C59FE028B65B9 /* Pods-Storytel.debug.xcconfig */ = {isa = PBXFileReference; includeInIndex = 1; lastKnownFileType = text.xcconfig; name = "Pods-Storytel.debug.xcconfig"; path = "Target Support Files/Pods-Storytel/Pods-Storytel.debug.xcconfig"; sourceTree = "<group>"; };
		FA564F3E226B4D26009353BD /* BasicUI.swift */ = {isa = PBXFileReference; lastKnownFileType = sourcecode.swift; path = BasicUI.swift; sourceTree = "<group>"; };
		FA564F40226B4EEE009353BD /* UIColorExtension.swift */ = {isa = PBXFileReference; lastKnownFileType = sourcecode.swift; path = UIColorExtension.swift; sourceTree = "<group>"; };
		FA60BC24226BC1C300C9CF05 /* en */ = {isa = PBXFileReference; lastKnownFileType = text.plist.strings; name = en; path = en.lproj/Localizable.strings; sourceTree = "<group>"; };
		FABD33432269FA4200558A36 /* TableViewDataManager.swift */ = {isa = PBXFileReference; lastKnownFileType = sourcecode.swift; path = TableViewDataManager.swift; sourceTree = "<group>"; };
		FAEC0A6A2269B153003AE443 /* Storytel.app */ = {isa = PBXFileReference; explicitFileType = wrapper.application; includeInIndex = 0; path = Storytel.app; sourceTree = BUILT_PRODUCTS_DIR; };
		FAEC0A6D2269B153003AE443 /* AppDelegate.swift */ = {isa = PBXFileReference; lastKnownFileType = sourcecode.swift; path = AppDelegate.swift; sourceTree = "<group>"; };
		FAEC0A6F2269B153003AE443 /* SearchBooksViewController.swift */ = {isa = PBXFileReference; lastKnownFileType = sourcecode.swift; path = SearchBooksViewController.swift; sourceTree = "<group>"; };
		FAEC0A722269B153003AE443 /* Base */ = {isa = PBXFileReference; lastKnownFileType = file.storyboard; name = Base; path = Base.lproj/Main.storyboard; sourceTree = "<group>"; };
		FAEC0A742269B154003AE443 /* Assets.xcassets */ = {isa = PBXFileReference; lastKnownFileType = folder.assetcatalog; path = Assets.xcassets; sourceTree = "<group>"; };
		FAEC0A772269B154003AE443 /* Base */ = {isa = PBXFileReference; lastKnownFileType = file.storyboard; name = Base; path = Base.lproj/LaunchScreen.storyboard; sourceTree = "<group>"; };
		FAEC0A792269B154003AE443 /* Info.plist */ = {isa = PBXFileReference; lastKnownFileType = text.plist.xml; path = Info.plist; sourceTree = "<group>"; };
		FAEC0A7E2269B154003AE443 /* StorytelTests.xctest */ = {isa = PBXFileReference; explicitFileType = wrapper.cfbundle; includeInIndex = 0; path = StorytelTests.xctest; sourceTree = BUILT_PRODUCTS_DIR; };
		FAEC0A822269B154003AE443 /* StorytelTests.swift */ = {isa = PBXFileReference; lastKnownFileType = sourcecode.swift; path = StorytelTests.swift; sourceTree = "<group>"; };
		FAEC0A842269B154003AE443 /* Info.plist */ = {isa = PBXFileReference; lastKnownFileType = text.plist.xml; path = Info.plist; sourceTree = "<group>"; };
		FAEC0A9D2269BE67003AE443 /* QueryViewCell.swift */ = {isa = PBXFileReference; lastKnownFileType = sourcecode.swift; path = QueryViewCell.swift; sourceTree = "<group>"; };
		FAEC0A9E2269BE67003AE443 /* QueryViewCell.xib */ = {isa = PBXFileReference; lastKnownFileType = file.xib; path = QueryViewCell.xib; sourceTree = "<group>"; };
		FAEC0AA12269BE82003AE443 /* BookViewCell.swift */ = {isa = PBXFileReference; lastKnownFileType = sourcecode.swift; path = BookViewCell.swift; sourceTree = "<group>"; };
		FAEC0AA22269BE82003AE443 /* BookViewCell.xib */ = {isa = PBXFileReference; lastKnownFileType = file.xib; path = BookViewCell.xib; sourceTree = "<group>"; };
		FAEC0AA52269CB7F003AE443 /* Book.swift */ = {isa = PBXFileReference; lastKnownFileType = sourcecode.swift; path = Book.swift; sourceTree = "<group>"; };
		FAEC0AA72269CD3C003AE443 /* Author.swift */ = {isa = PBXFileReference; lastKnownFileType = sourcecode.swift; path = Author.swift; sourceTree = "<group>"; };
		FAEC0AA92269CE12003AE443 /* Narrator.swift */ = {isa = PBXFileReference; lastKnownFileType = sourcecode.swift; path = Narrator.swift; sourceTree = "<group>"; };
		FAEC0AAB2269CE27003AE443 /* ImageSource.swift */ = {isa = PBXFileReference; lastKnownFileType = sourcecode.swift; path = ImageSource.swift; sourceTree = "<group>"; };
		FAEC0AB02269D040003AE443 /* ParameterEncoding.swift */ = {isa = PBXFileReference; fileEncoding = 4; lastKnownFileType = sourcecode.swift; path = ParameterEncoding.swift; sourceTree = "<group>"; };
		FAEC0AB12269D040003AE443 /* URLParameterEncoding.swift */ = {isa = PBXFileReference; fileEncoding = 4; lastKnownFileType = sourcecode.swift; path = URLParameterEncoding.swift; sourceTree = "<group>"; };
		FAEC0AB22269D040003AE443 /* JSONParameterEncoder.swift */ = {isa = PBXFileReference; fileEncoding = 4; lastKnownFileType = sourcecode.swift; path = JSONParameterEncoder.swift; sourceTree = "<group>"; };
		FAEC0AB42269D040003AE443 /* NetworkManager.swift */ = {isa = PBXFileReference; fileEncoding = 4; lastKnownFileType = sourcecode.swift; path = NetworkManager.swift; sourceTree = "<group>"; };
		FAEC0AB62269D040003AE443 /* StorytelAPIEndPoint.swift */ = {isa = PBXFileReference; fileEncoding = 4; lastKnownFileType = sourcecode.swift; path = StorytelAPIEndPoint.swift; sourceTree = "<group>"; };
		FAEC0AB82269D040003AE443 /* HTTPTask.swift */ = {isa = PBXFileReference; fileEncoding = 4; lastKnownFileType = sourcecode.swift; path = HTTPTask.swift; sourceTree = "<group>"; };
		FAEC0AB92269D040003AE443 /* HTTPMethod.swift */ = {isa = PBXFileReference; fileEncoding = 4; lastKnownFileType = sourcecode.swift; path = HTTPMethod.swift; sourceTree = "<group>"; };
		FAEC0ABA2269D040003AE443 /* Router.swift */ = {isa = PBXFileReference; fileEncoding = 4; lastKnownFileType = sourcecode.swift; path = Router.swift; sourceTree = "<group>"; };
		FAEC0ABB2269D040003AE443 /* NetworkLogger.swift */ = {isa = PBXFileReference; fileEncoding = 4; lastKnownFileType = sourcecode.swift; path = NetworkLogger.swift; sourceTree = "<group>"; };
		FAEC0ABC2269D040003AE443 /* EndPointType.swift */ = {isa = PBXFileReference; fileEncoding = 4; lastKnownFileType = sourcecode.swift; path = EndPointType.swift; sourceTree = "<group>"; };
		FAEC0AC92269D467003AE443 /* StringExtension.swift */ = {isa = PBXFileReference; fileEncoding = 4; lastKnownFileType = sourcecode.swift; path = StringExtension.swift; sourceTree = "<group>"; };
		FAEC0ACB2269D525003AE443 /* SearchBooksViewModel.swift */ = {isa = PBXFileReference; lastKnownFileType = sourcecode.swift; path = SearchBooksViewModel.swift; sourceTree = "<group>"; };
		FAEC0ACD2269D544003AE443 /* BookCellViewModel.swift */ = {isa = PBXFileReference; lastKnownFileType = sourcecode.swift; path = BookCellViewModel.swift; sourceTree = "<group>"; };
		FC9188593DF42BFCD0594A4B /* Pods-StorytelTests.debug.xcconfig */ = {isa = PBXFileReference; includeInIndex = 1; lastKnownFileType = text.xcconfig; name = "Pods-StorytelTests.debug.xcconfig"; path = "Target Support Files/Pods-StorytelTests/Pods-StorytelTests.debug.xcconfig"; sourceTree = "<group>"; };
/* End PBXFileReference section */

/* Begin PBXFrameworksBuildPhase section */
		FAEC0A672269B153003AE443 /* Frameworks */ = {
			isa = PBXFrameworksBuildPhase;
			buildActionMask = 2147483647;
			files = (
				EDC1C3CB3B97AE8E64EF55B2 /* Pods_Storytel.framework in Frameworks */,
			);
			runOnlyForDeploymentPostprocessing = 0;
		};
		FAEC0A7B2269B154003AE443 /* Frameworks */ = {
			isa = PBXFrameworksBuildPhase;
			buildActionMask = 2147483647;
			files = (
				0926FD68D29991B5A2A6B9A8 /* Pods_StorytelTests.framework in Frameworks */,
			);
			runOnlyForDeploymentPostprocessing = 0;
		};
/* End PBXFrameworksBuildPhase section */

/* Begin PBXGroup section */
		0A3775250CE951AA5ED59B7E /* Frameworks */ = {
			isa = PBXGroup;
			children = (
				8B1640D03E3DE4CE6B97F0D9 /* Pods_Storytel.framework */,
				BD7B41C13EFBF8CFDD0992F9 /* Pods_StorytelTests.framework */,
			);
			name = Frameworks;
			sourceTree = "<group>";
		};
		CC3F92CED846F84AB3A22689 /* Pods */ = {
			isa = PBXGroup;
			children = (
				F3A9E3E3962C59FE028B65B9 /* Pods-Storytel.debug.xcconfig */,
				2F265302E4B59A9FD72527B0 /* Pods-Storytel.release.xcconfig */,
				FC9188593DF42BFCD0594A4B /* Pods-StorytelTests.debug.xcconfig */,
				45EDB77FBEA0FB8F7C8E35A4 /* Pods-StorytelTests.release.xcconfig */,
			);
			path = Pods;
			sourceTree = "<group>";
		};
		FAEC0A612269B153003AE443 = {
			isa = PBXGroup;
			children = (
				FAEC0A6C2269B153003AE443 /* Storytel */,
				FAEC0A812269B154003AE443 /* StorytelTests */,
				FAEC0A6B2269B153003AE443 /* Products */,
				CC3F92CED846F84AB3A22689 /* Pods */,
				0A3775250CE951AA5ED59B7E /* Frameworks */,
			);
			sourceTree = "<group>";
		};
		FAEC0A6B2269B153003AE443 /* Products */ = {
			isa = PBXGroup;
			children = (
				FAEC0A6A2269B153003AE443 /* Storytel.app */,
				FAEC0A7E2269B154003AE443 /* StorytelTests.xctest */,
			);
			name = Products;
			sourceTree = "<group>";
		};
		FAEC0A6C2269B153003AE443 /* Storytel */ = {
			isa = PBXGroup;
			children = (
				FAEC0AC72269D411003AE443 /* Helper */,
				FAEC0AAD2269CFE6003AE443 /* Service */,
				FAEC0A8F2269B1DC003AE443 /* Model */,
				FAEC0A8E2269B1DA003AE443 /* View */,
				FAEC0A8D2269B1D7003AE443 /* ViewModel */,
				FAEC0A6D2269B153003AE443 /* AppDelegate.swift */,
				FAEC0A712269B153003AE443 /* Main.storyboard */,
				FAEC0A742269B154003AE443 /* Assets.xcassets */,
				FAEC0A762269B154003AE443 /* LaunchScreen.storyboard */,
				FAEC0A792269B154003AE443 /* Info.plist */,
				FA60BC25226BC1C300C9CF05 /* Localizable.strings */,
			);
			path = Storytel;
			sourceTree = "<group>";
		};
		FAEC0A812269B154003AE443 /* StorytelTests */ = {
			isa = PBXGroup;
			children = (
				FAEC0A822269B154003AE443 /* StorytelTests.swift */,
				FAEC0A842269B154003AE443 /* Info.plist */,
			);
			path = StorytelTests;
			sourceTree = "<group>";
		};
		FAEC0A8D2269B1D7003AE443 /* ViewModel */ = {
			isa = PBXGroup;
			children = (
				FAEC0ACB2269D525003AE443 /* SearchBooksViewModel.swift */,
				FAEC0ACD2269D544003AE443 /* BookCellViewModel.swift */,
			);
			path = ViewModel;
			sourceTree = "<group>";
		};
		FAEC0A8E2269B1DA003AE443 /* View */ = {
			isa = PBXGroup;
			children = (
				FAEC0A902269B957003AE443 /* ViewCell */,
				FAEC0A6F2269B153003AE443 /* SearchBooksViewController.swift */,
			);
			path = View;
			sourceTree = "<group>";
		};
		FAEC0A8F2269B1DC003AE443 /* Model */ = {
			isa = PBXGroup;
			children = (
				FAEC0AA52269CB7F003AE443 /* Book.swift */,
				FAEC0AA72269CD3C003AE443 /* Author.swift */,
				FAEC0AA92269CE12003AE443 /* Narrator.swift */,
				FAEC0AAB2269CE27003AE443 /* ImageSource.swift */,
			);
			path = Model;
			sourceTree = "<group>";
		};
		FAEC0A902269B957003AE443 /* ViewCell */ = {
			isa = PBXGroup;
			children = (
				FAEC0A9D2269BE67003AE443 /* QueryViewCell.swift */,
				FAEC0A9E2269BE67003AE443 /* QueryViewCell.xib */,
				FAEC0AA12269BE82003AE443 /* BookViewCell.swift */,
				FAEC0AA22269BE82003AE443 /* BookViewCell.xib */,
			);
			path = ViewCell;
			sourceTree = "<group>";
		};
		FAEC0AAD2269CFE6003AE443 /* Service */ = {
			isa = PBXGroup;
			children = (
				FAEC0AAE2269D040003AE443 /* Networking */,
			);
			path = Service;
			sourceTree = "<group>";
		};
		FAEC0AAE2269D040003AE443 /* Networking */ = {
			isa = PBXGroup;
			children = (
				FAEC0AAF2269D040003AE443 /* Encoding */,
				FAEC0AB32269D040003AE443 /* Manager */,
				FAEC0AB52269D040003AE443 /* EndPoint */,
				FAEC0AB72269D040003AE443 /* Service */,
			);
			path = Networking;
			sourceTree = "<group>";
		};
		FAEC0AAF2269D040003AE443 /* Encoding */ = {
			isa = PBXGroup;
			children = (
				FAEC0AB02269D040003AE443 /* ParameterEncoding.swift */,
				FAEC0AB12269D040003AE443 /* URLParameterEncoding.swift */,
				FAEC0AB22269D040003AE443 /* JSONParameterEncoder.swift */,
			);
			path = Encoding;
			sourceTree = "<group>";
		};
		FAEC0AB32269D040003AE443 /* Manager */ = {
			isa = PBXGroup;
			children = (
				FAEC0AB42269D040003AE443 /* NetworkManager.swift */,
			);
			path = Manager;
			sourceTree = "<group>";
		};
		FAEC0AB52269D040003AE443 /* EndPoint */ = {
			isa = PBXGroup;
			children = (
				FAEC0AB62269D040003AE443 /* StorytelAPIEndPoint.swift */,
			);
			path = EndPoint;
			sourceTree = "<group>";
		};
		FAEC0AB72269D040003AE443 /* Service */ = {
			isa = PBXGroup;
			children = (
				FAEC0AB82269D040003AE443 /* HTTPTask.swift */,
				FAEC0AB92269D040003AE443 /* HTTPMethod.swift */,
				FAEC0ABA2269D040003AE443 /* Router.swift */,
				FAEC0ABB2269D040003AE443 /* NetworkLogger.swift */,
				FAEC0ABC2269D040003AE443 /* EndPointType.swift */,
			);
			path = Service;
			sourceTree = "<group>";
		};
		FAEC0AC72269D411003AE443 /* Helper */ = {
			isa = PBXGroup;
			children = (
				FAEC0AC82269D421003AE443 /* Extension */,
				FABD33432269FA4200558A36 /* TableViewDataManager.swift */,
				FA564F3E226B4D26009353BD /* BasicUI.swift */,
			);
			path = Helper;
			sourceTree = "<group>";
		};
		FAEC0AC82269D421003AE443 /* Extension */ = {
			isa = PBXGroup;
			children = (
				FAEC0AC92269D467003AE443 /* StringExtension.swift */,
				FA564F40226B4EEE009353BD /* UIColorExtension.swift */,
			);
			path = Extension;
			sourceTree = "<group>";
		};
/* End PBXGroup section */

/* Begin PBXNativeTarget section */
		FAEC0A692269B153003AE443 /* Storytel */ = {
			isa = PBXNativeTarget;
			buildConfigurationList = FAEC0A872269B154003AE443 /* Build configuration list for PBXNativeTarget "Storytel" */;
			buildPhases = (
				ECB9CF27C0DE06BEBC81D4E0 /* [CP] Check Pods Manifest.lock */,
				FAEC0A662269B153003AE443 /* Sources */,
				FAEC0A672269B153003AE443 /* Frameworks */,
				FAEC0A682269B153003AE443 /* Resources */,
				CB2655875CB56B1ADA5D2E98 /* [CP] Embed Pods Frameworks */,
			);
			buildRules = (
			);
			dependencies = (
			);
			name = Storytel;
			productName = Storytel;
			productReference = FAEC0A6A2269B153003AE443 /* Storytel.app */;
			productType = "com.apple.product-type.application";
		};
		FAEC0A7D2269B154003AE443 /* StorytelTests */ = {
			isa = PBXNativeTarget;
			buildConfigurationList = FAEC0A8A2269B154003AE443 /* Build configuration list for PBXNativeTarget "StorytelTests" */;
			buildPhases = (
				F9BC8D0BEE7F201A530D3FD9 /* [CP] Check Pods Manifest.lock */,
				FAEC0A7A2269B154003AE443 /* Sources */,
				FAEC0A7B2269B154003AE443 /* Frameworks */,
				FAEC0A7C2269B154003AE443 /* Resources */,
			);
			buildRules = (
			);
			dependencies = (
				FAEC0A802269B154003AE443 /* PBXTargetDependency */,
			);
			name = StorytelTests;
			productName = StorytelTests;
			productReference = FAEC0A7E2269B154003AE443 /* StorytelTests.xctest */;
			productType = "com.apple.product-type.bundle.unit-test";
		};
/* End PBXNativeTarget section */

/* Begin PBXProject section */
		FAEC0A622269B153003AE443 /* Project object */ = {
			isa = PBXProject;
			attributes = {
				LastSwiftUpdateCheck = 1020;
				LastUpgradeCheck = 1020;
				ORGANIZATIONNAME = Christian;
				TargetAttributes = {
					FAEC0A692269B153003AE443 = {
						CreatedOnToolsVersion = 10.2;
					};
					FAEC0A7D2269B154003AE443 = {
						CreatedOnToolsVersion = 10.2;
						TestTargetID = FAEC0A692269B153003AE443;
					};
				};
			};
			buildConfigurationList = FAEC0A652269B153003AE443 /* Build configuration list for PBXProject "Storytel" */;
			compatibilityVersion = "Xcode 9.3";
			developmentRegion = en;
			hasScannedForEncodings = 0;
			knownRegions = (
				en,
				Base,
			);
			mainGroup = FAEC0A612269B153003AE443;
			productRefGroup = FAEC0A6B2269B153003AE443 /* Products */;
			projectDirPath = "";
			projectRoot = "";
			targets = (
				FAEC0A692269B153003AE443 /* Storytel */,
				FAEC0A7D2269B154003AE443 /* StorytelTests */,
			);
		};
/* End PBXProject section */

/* Begin PBXResourcesBuildPhase section */
		FAEC0A682269B153003AE443 /* Resources */ = {
			isa = PBXResourcesBuildPhase;
			buildActionMask = 2147483647;
			files = (
				FAEC0A782269B154003AE443 /* LaunchScreen.storyboard in Resources */,
				FA60BC23226BC1C300C9CF05 /* Localizable.strings in Resources */,
				FAEC0AA02269BE67003AE443 /* QueryViewCell.xib in Resources */,
				FAEC0A752269B154003AE443 /* Assets.xcassets in Resources */,
				FAEC0AA42269BE82003AE443 /* BookViewCell.xib in Resources */,
				FAEC0A732269B153003AE443 /* Main.storyboard in Resources */,
			);
			runOnlyForDeploymentPostprocessing = 0;
		};
		FAEC0A7C2269B154003AE443 /* Resources */ = {
			isa = PBXResourcesBuildPhase;
			buildActionMask = 2147483647;
			files = (
			);
			runOnlyForDeploymentPostprocessing = 0;
		};
/* End PBXResourcesBuildPhase section */

/* Begin PBXShellScriptBuildPhase section */
		CB2655875CB56B1ADA5D2E98 /* [CP] Embed Pods Frameworks */ = {
			isa = PBXShellScriptBuildPhase;
			buildActionMask = 2147483647;
			files = (
			);
			inputFileListPaths = (
			);
			inputPaths = (
				"${PODS_ROOT}/Target Support Files/Pods-Storytel/Pods-Storytel-frameworks.sh",
				"${BUILT_PRODUCTS_DIR}/Kingfisher/Kingfisher.framework",
			);
			name = "[CP] Embed Pods Frameworks";
			outputFileListPaths = (
			);
			outputPaths = (
				"${TARGET_BUILD_DIR}/${FRAMEWORKS_FOLDER_PATH}/Kingfisher.framework",
			);
			runOnlyForDeploymentPostprocessing = 0;
			shellPath = /bin/sh;
			shellScript = "\"${PODS_ROOT}/Target Support Files/Pods-Storytel/Pods-Storytel-frameworks.sh\"\n";
			showEnvVarsInLog = 0;
		};
		ECB9CF27C0DE06BEBC81D4E0 /* [CP] Check Pods Manifest.lock */ = {
			isa = PBXShellScriptBuildPhase;
			buildActionMask = 2147483647;
			files = (
			);
			inputFileListPaths = (
			);
			inputPaths = (
				"${PODS_PODFILE_DIR_PATH}/Podfile.lock",
				"${PODS_ROOT}/Manifest.lock",
			);
			name = "[CP] Check Pods Manifest.lock";
			outputFileListPaths = (
			);
			outputPaths = (
				"$(DERIVED_FILE_DIR)/Pods-Storytel-checkManifestLockResult.txt",
			);
			runOnlyForDeploymentPostprocessing = 0;
			shellPath = /bin/sh;
			shellScript = "diff \"${PODS_PODFILE_DIR_PATH}/Podfile.lock\" \"${PODS_ROOT}/Manifest.lock\" > /dev/null\nif [ $? != 0 ] ; then\n    # print error to STDERR\n    echo \"error: The sandbox is not in sync with the Podfile.lock. Run 'pod install' or update your CocoaPods installation.\" >&2\n    exit 1\nfi\n# This output is used by Xcode 'outputs' to avoid re-running this script phase.\necho \"SUCCESS\" > \"${SCRIPT_OUTPUT_FILE_0}\"\n";
			showEnvVarsInLog = 0;
		};
		F9BC8D0BEE7F201A530D3FD9 /* [CP] Check Pods Manifest.lock */ = {
			isa = PBXShellScriptBuildPhase;
			buildActionMask = 2147483647;
			files = (
			);
			inputFileListPaths = (
			);
			inputPaths = (
				"${PODS_PODFILE_DIR_PATH}/Podfile.lock",
				"${PODS_ROOT}/Manifest.lock",
			);
			name = "[CP] Check Pods Manifest.lock";
			outputFileListPaths = (
			);
			outputPaths = (
				"$(DERIVED_FILE_DIR)/Pods-StorytelTests-checkManifestLockResult.txt",
			);
			runOnlyForDeploymentPostprocessing = 0;
			shellPath = /bin/sh;
			shellScript = "diff \"${PODS_PODFILE_DIR_PATH}/Podfile.lock\" \"${PODS_ROOT}/Manifest.lock\" > /dev/null\nif [ $? != 0 ] ; then\n    # print error to STDERR\n    echo \"error: The sandbox is not in sync with the Podfile.lock. Run 'pod install' or update your CocoaPods installation.\" >&2\n    exit 1\nfi\n# This output is used by Xcode 'outputs' to avoid re-running this script phase.\necho \"SUCCESS\" > \"${SCRIPT_OUTPUT_FILE_0}\"\n";
			showEnvVarsInLog = 0;
		};
/* End PBXShellScriptBuildPhase section */

/* Begin PBXSourcesBuildPhase section */
		FAEC0A662269B153003AE443 /* Sources */ = {
			isa = PBXSourcesBuildPhase;
			buildActionMask = 2147483647;
			files = (
				FAEC0A702269B153003AE443 /* SearchBooksViewController.swift in Sources */,
				FAEC0A6E2269B153003AE443 /* AppDelegate.swift in Sources */,
				FAEC0ABD2269D040003AE443 /* ParameterEncoding.swift in Sources */,
				FAEC0AC62269D040003AE443 /* EndPointType.swift in Sources */,
				FAEC0AC02269D040003AE443 /* NetworkManager.swift in Sources */,
				FAEC0AAA2269CE12003AE443 /* Narrator.swift in Sources */,
				FAEC0AA62269CB7F003AE443 /* Book.swift in Sources */,
				FAEC0AC52269D040003AE443 /* NetworkLogger.swift in Sources */,
				FAEC0AC22269D040003AE443 /* HTTPTask.swift in Sources */,
				FAEC0AA32269BE82003AE443 /* BookViewCell.swift in Sources */,
				FAEC0ACC2269D525003AE443 /* SearchBooksViewModel.swift in Sources */,
				FAEC0AC12269D040003AE443 /* StorytelAPIEndPoint.swift in Sources */,
				FAEC0ACA2269D467003AE443 /* StringExtension.swift in Sources */,
				FAEC0AC42269D040003AE443 /* Router.swift in Sources */,
				FA564F3F226B4D26009353BD /* BasicUI.swift in Sources */,
				FAEC0ABE2269D040003AE443 /* URLParameterEncoding.swift in Sources */,
				FA564F41226B4EEE009353BD /* UIColorExtension.swift in Sources */,
				FABD33442269FA4200558A36 /* TableViewDataManager.swift in Sources */,
				FAEC0ABF2269D040003AE443 /* JSONParameterEncoder.swift in Sources */,
				FAEC0ACE2269D544003AE443 /* BookCellViewModel.swift in Sources */,
				FAEC0AC32269D040003AE443 /* HTTPMethod.swift in Sources */,
				FAEC0AA82269CD3C003AE443 /* Author.swift in Sources */,
				FAEC0AAC2269CE27003AE443 /* ImageSource.swift in Sources */,
				FAEC0A9F2269BE67003AE443 /* QueryViewCell.swift in Sources */,
			);
			runOnlyForDeploymentPostprocessing = 0;
		};
		FAEC0A7A2269B154003AE443 /* Sources */ = {
			isa = PBXSourcesBuildPhase;
			buildActionMask = 2147483647;
			files = (
				FAEC0A832269B154003AE443 /* StorytelTests.swift in Sources */,
			);
			runOnlyForDeploymentPostprocessing = 0;
		};
/* End PBXSourcesBuildPhase section */

/* Begin PBXTargetDependency section */
		FAEC0A802269B154003AE443 /* PBXTargetDependency */ = {
			isa = PBXTargetDependency;
			target = FAEC0A692269B153003AE443 /* Storytel */;
			targetProxy = FAEC0A7F2269B154003AE443 /* PBXContainerItemProxy */;
		};
/* End PBXTargetDependency section */

/* Begin PBXVariantGroup section */
		FA60BC25226BC1C300C9CF05 /* Localizable.strings */ = {
			isa = PBXVariantGroup;
			children = (
				FA60BC24226BC1C300C9CF05 /* en */,
			);
			name = Localizable.strings;
			sourceTree = "<group>";
		};
		FAEC0A712269B153003AE443 /* Main.storyboard */ = {
			isa = PBXVariantGroup;
			children = (
				FAEC0A722269B153003AE443 /* Base */,
			);
			name = Main.storyboard;
			sourceTree = "<group>";
		};
		FAEC0A762269B154003AE443 /* LaunchScreen.storyboard */ = {
			isa = PBXVariantGroup;
			children = (
				FAEC0A772269B154003AE443 /* Base */,
			);
			name = LaunchScreen.storyboard;
			sourceTree = "<group>";
		};
/* End PBXVariantGroup section */

/* Begin XCBuildConfiguration section */
		FAEC0A852269B154003AE443 /* Debug */ = {
			isa = XCBuildConfiguration;
			buildSettings = {
				ALWAYS_SEARCH_USER_PATHS = NO;
				CLANG_ANALYZER_NONNULL = YES;
				CLANG_ANALYZER_NUMBER_OBJECT_CONVERSION = YES_AGGRESSIVE;
				CLANG_CXX_LANGUAGE_STANDARD = "gnu++14";
				CLANG_CXX_LIBRARY = "libc++";
				CLANG_ENABLE_MODULES = YES;
				CLANG_ENABLE_OBJC_ARC = YES;
				CLANG_ENABLE_OBJC_WEAK = YES;
				CLANG_WARN_BLOCK_CAPTURE_AUTORELEASING = YES;
				CLANG_WARN_BOOL_CONVERSION = YES;
				CLANG_WARN_COMMA = YES;
				CLANG_WARN_CONSTANT_CONVERSION = YES;
				CLANG_WARN_DEPRECATED_OBJC_IMPLEMENTATIONS = YES;
				CLANG_WARN_DIRECT_OBJC_ISA_USAGE = YES_ERROR;
				CLANG_WARN_DOCUMENTATION_COMMENTS = YES;
				CLANG_WARN_EMPTY_BODY = YES;
				CLANG_WARN_ENUM_CONVERSION = YES;
				CLANG_WARN_INFINITE_RECURSION = YES;
				CLANG_WARN_INT_CONVERSION = YES;
				CLANG_WARN_NON_LITERAL_NULL_CONVERSION = YES;
				CLANG_WARN_OBJC_IMPLICIT_RETAIN_SELF = YES;
				CLANG_WARN_OBJC_LITERAL_CONVERSION = YES;
				CLANG_WARN_OBJC_ROOT_CLASS = YES_ERROR;
				CLANG_WARN_RANGE_LOOP_ANALYSIS = YES;
				CLANG_WARN_STRICT_PROTOTYPES = YES;
				CLANG_WARN_SUSPICIOUS_MOVE = YES;
				CLANG_WARN_UNGUARDED_AVAILABILITY = YES_AGGRESSIVE;
				CLANG_WARN_UNREACHABLE_CODE = YES;
				CLANG_WARN__DUPLICATE_METHOD_MATCH = YES;
				CODE_SIGN_IDENTITY = "iPhone Developer";
				COPY_PHASE_STRIP = NO;
				DEBUG_INFORMATION_FORMAT = dwarf;
				ENABLE_STRICT_OBJC_MSGSEND = YES;
				ENABLE_TESTABILITY = YES;
				GCC_C_LANGUAGE_STANDARD = gnu11;
				GCC_DYNAMIC_NO_PIC = NO;
				GCC_NO_COMMON_BLOCKS = YES;
				GCC_OPTIMIZATION_LEVEL = 0;
				GCC_PREPROCESSOR_DEFINITIONS = (
					"DEBUG=1",
					"$(inherited)",
				);
				GCC_WARN_64_TO_32_BIT_CONVERSION = YES;
				GCC_WARN_ABOUT_RETURN_TYPE = YES_ERROR;
				GCC_WARN_UNDECLARED_SELECTOR = YES;
				GCC_WARN_UNINITIALIZED_AUTOS = YES_AGGRESSIVE;
				GCC_WARN_UNUSED_FUNCTION = YES;
				GCC_WARN_UNUSED_VARIABLE = YES;
				IPHONEOS_DEPLOYMENT_TARGET = 12.2;
				MTL_ENABLE_DEBUG_INFO = INCLUDE_SOURCE;
				MTL_FAST_MATH = YES;
				ONLY_ACTIVE_ARCH = YES;
				SDKROOT = iphoneos;
				SWIFT_ACTIVE_COMPILATION_CONDITIONS = DEBUG;
				SWIFT_OPTIMIZATION_LEVEL = "-Onone";
			};
			name = Debug;
		};
		FAEC0A862269B154003AE443 /* Release */ = {
			isa = XCBuildConfiguration;
			buildSettings = {
				ALWAYS_SEARCH_USER_PATHS = NO;
				CLANG_ANALYZER_NONNULL = YES;
				CLANG_ANALYZER_NUMBER_OBJECT_CONVERSION = YES_AGGRESSIVE;
				CLANG_CXX_LANGUAGE_STANDARD = "gnu++14";
				CLANG_CXX_LIBRARY = "libc++";
				CLANG_ENABLE_MODULES = YES;
				CLANG_ENABLE_OBJC_ARC = YES;
				CLANG_ENABLE_OBJC_WEAK = YES;
				CLANG_WARN_BLOCK_CAPTURE_AUTORELEASING = YES;
				CLANG_WARN_BOOL_CONVERSION = YES;
				CLANG_WARN_COMMA = YES;
				CLANG_WARN_CONSTANT_CONVERSION = YES;
				CLANG_WARN_DEPRECATED_OBJC_IMPLEMENTATIONS = YES;
				CLANG_WARN_DIRECT_OBJC_ISA_USAGE = YES_ERROR;
				CLANG_WARN_DOCUMENTATION_COMMENTS = YES;
				CLANG_WARN_EMPTY_BODY = YES;
				CLANG_WARN_ENUM_CONVERSION = YES;
				CLANG_WARN_INFINITE_RECURSION = YES;
				CLANG_WARN_INT_CONVERSION = YES;
				CLANG_WARN_NON_LITERAL_NULL_CONVERSION = YES;
				CLANG_WARN_OBJC_IMPLICIT_RETAIN_SELF = YES;
				CLANG_WARN_OBJC_LITERAL_CONVERSION = YES;
				CLANG_WARN_OBJC_ROOT_CLASS = YES_ERROR;
				CLANG_WARN_RANGE_LOOP_ANALYSIS = YES;
				CLANG_WARN_STRICT_PROTOTYPES = YES;
				CLANG_WARN_SUSPICIOUS_MOVE = YES;
				CLANG_WARN_UNGUARDED_AVAILABILITY = YES_AGGRESSIVE;
				CLANG_WARN_UNREACHABLE_CODE = YES;
				CLANG_WARN__DUPLICATE_METHOD_MATCH = YES;
				CODE_SIGN_IDENTITY = "iPhone Developer";
				COPY_PHASE_STRIP = NO;
				DEBUG_INFORMATION_FORMAT = "dwarf-with-dsym";
				ENABLE_NS_ASSERTIONS = NO;
				ENABLE_STRICT_OBJC_MSGSEND = YES;
				GCC_C_LANGUAGE_STANDARD = gnu11;
				GCC_NO_COMMON_BLOCKS = YES;
				GCC_WARN_64_TO_32_BIT_CONVERSION = YES;
				GCC_WARN_ABOUT_RETURN_TYPE = YES_ERROR;
				GCC_WARN_UNDECLARED_SELECTOR = YES;
				GCC_WARN_UNINITIALIZED_AUTOS = YES_AGGRESSIVE;
				GCC_WARN_UNUSED_FUNCTION = YES;
				GCC_WARN_UNUSED_VARIABLE = YES;
				IPHONEOS_DEPLOYMENT_TARGET = 12.2;
				MTL_ENABLE_DEBUG_INFO = NO;
				MTL_FAST_MATH = YES;
				SDKROOT = iphoneos;
				SWIFT_COMPILATION_MODE = wholemodule;
				SWIFT_OPTIMIZATION_LEVEL = "-O";
				VALIDATE_PRODUCT = YES;
			};
			name = Release;
		};
		FAEC0A882269B154003AE443 /* Debug */ = {
			isa = XCBuildConfiguration;
			baseConfigurationReference = F3A9E3E3962C59FE028B65B9 /* Pods-Storytel.debug.xcconfig */;
			buildSettings = {
				ASSETCATALOG_COMPILER_APPICON_NAME = AppIcon;
				CODE_SIGN_STYLE = Automatic;
				DEVELOPMENT_TEAM = 2ZSYU47EN5;
				INFOPLIST_FILE = Storytel/Info.plist;
				LD_RUNPATH_SEARCH_PATHS = (
					"$(inherited)",
					"@executable_path/Frameworks",
				);
				PRODUCT_BUNDLE_IDENTIFIER = com.hopa.Storytel;
				PRODUCT_NAME = "$(TARGET_NAME)";
				SWIFT_VERSION = 5.0;
				TARGETED_DEVICE_FAMILY = "1,2";
			};
			name = Debug;
		};
		FAEC0A892269B154003AE443 /* Release */ = {
			isa = XCBuildConfiguration;
			baseConfigurationReference = 2F265302E4B59A9FD72527B0 /* Pods-Storytel.release.xcconfig */;
			buildSettings = {
				ASSETCATALOG_COMPILER_APPICON_NAME = AppIcon;
				CODE_SIGN_STYLE = Automatic;
				DEVELOPMENT_TEAM = 2ZSYU47EN5;
				INFOPLIST_FILE = Storytel/Info.plist;
				LD_RUNPATH_SEARCH_PATHS = (
					"$(inherited)",
					"@executable_path/Frameworks",
				);
				PRODUCT_BUNDLE_IDENTIFIER = com.hopa.Storytel;
				PRODUCT_NAME = "$(TARGET_NAME)";
				SWIFT_VERSION = 5.0;
				TARGETED_DEVICE_FAMILY = "1,2";
			};
			name = Release;
		};
		FAEC0A8B2269B154003AE443 /* Debug */ = {
			isa = XCBuildConfiguration;
			baseConfigurationReference = FC9188593DF42BFCD0594A4B /* Pods-StorytelTests.debug.xcconfig */;
			buildSettings = {
				ALWAYS_EMBED_SWIFT_STANDARD_LIBRARIES = YES;
				BUNDLE_LOADER = "$(TEST_HOST)";
				CODE_SIGN_STYLE = Automatic;
				DEVELOPMENT_TEAM = 2ZSYU47EN5;
				INFOPLIST_FILE = StorytelTests/Info.plist;
				LD_RUNPATH_SEARCH_PATHS = (
					"$(inherited)",
					"@executable_path/Frameworks",
					"@loader_path/Frameworks",
				);
				PRODUCT_BUNDLE_IDENTIFIER = com.hopa.StorytelTests;
				PRODUCT_NAME = "$(TARGET_NAME)";
				SWIFT_VERSION = 5.0;
				TARGETED_DEVICE_FAMILY = "1,2";
				TEST_HOST = "$(BUILT_PRODUCTS_DIR)/Storytel.app/Storytel";
			};
			name = Debug;
		};
		FAEC0A8C2269B154003AE443 /* Release */ = {
			isa = XCBuildConfiguration;
			baseConfigurationReference = 45EDB77FBEA0FB8F7C8E35A4 /* Pods-StorytelTests.release.xcconfig */;
			buildSettings = {
				ALWAYS_EMBED_SWIFT_STANDARD_LIBRARIES = YES;
				BUNDLE_LOADER = "$(TEST_HOST)";
				CODE_SIGN_STYLE = Automatic;
				DEVELOPMENT_TEAM = 2ZSYU47EN5;
				INFOPLIST_FILE = StorytelTests/Info.plist;
				LD_RUNPATH_SEARCH_PATHS = (
					"$(inherited)",
					"@executable_path/Frameworks",
					"@loader_path/Frameworks",
				);
				PRODUCT_BUNDLE_IDENTIFIER = com.hopa.StorytelTests;
				PRODUCT_NAME = "$(TARGET_NAME)";
				SWIFT_VERSION = 5.0;
				TARGETED_DEVICE_FAMILY = "1,2";
				TEST_HOST = "$(BUILT_PRODUCTS_DIR)/Storytel.app/Storytel";
			};
			name = Release;
		};
/* End XCBuildConfiguration section */

/* Begin XCConfigurationList section */
		FAEC0A652269B153003AE443 /* Build configuration list for PBXProject "Storytel" */ = {
			isa = XCConfigurationList;
			buildConfigurations = (
				FAEC0A852269B154003AE443 /* Debug */,
				FAEC0A862269B154003AE443 /* Release */,
			);
			defaultConfigurationIsVisible = 0;
			defaultConfigurationName = Release;
		};
		FAEC0A872269B154003AE443 /* Build configuration list for PBXNativeTarget "Storytel" */ = {
			isa = XCConfigurationList;
			buildConfigurations = (
				FAEC0A882269B154003AE443 /* Debug */,
				FAEC0A892269B154003AE443 /* Release */,
			);
			defaultConfigurationIsVisible = 0;
			defaultConfigurationName = Release;
		};
		FAEC0A8A2269B154003AE443 /* Build configuration list for PBXNativeTarget "StorytelTests" */ = {
			isa = XCConfigurationList;
			buildConfigurations = (
				FAEC0A8B2269B154003AE443 /* Debug */,
				FAEC0A8C2269B154003AE443 /* Release */,
			);
			defaultConfigurationIsVisible = 0;
			defaultConfigurationName = Release;
		};
/* End XCConfigurationList section */
	};
	rootObject = FAEC0A622269B153003AE443 /* Project object */;
}
